
Microsoft Visual Studio Solution File, Format Version 12.00
# Visual Studio Version 17
VisualStudioVersion = 17.7.34024.191
MinimumVisualStudioVersion = 10.0.40219.1
Project("{2150E333-8FDC-42A3-9474-1A3956D46DE8}") = "1-单例模式", "1-单例模式", "{C902E67B-ECB2-4955-91DB-2C575CB8D2F1}"
EndProject
Project("{FAE04EC0-301F-11D3-BF4B-00C04F79EFBC}") = "SingletonPattern", "SingletonPattern\SingletonPattern.csproj", "{5D239E20-AF7F-4276-BF32-B87B4715A65F}"
EndProject
Project("{2150E333-8FDC-42A3-9474-1A3956D46DE8}") = "2-简单工厂模式", "2-简单工厂模式", "{8F386FEA-B4DB-49DE-A0CC-B69DDA6096D4}"
EndProject
Project("{FAE04EC0-301F-11D3-BF4B-00C04F79EFBC}") = "FactoryPattern", "FactoryPattern\FactoryPattern.csproj", "{BBA7CCB9-2139-44B6-9BB0-3E4DBA4E58A6}"
EndProject
Project("{2150E333-8FDC-42A3-9474-1A3956D46DE8}") = "3-工厂方法模式", "3-工厂方法模式", "{FA0ADB0B-77E2-4FFE-8E45-1200CD69DF88}"
EndProject
Project("{FAE04EC0-301F-11D3-BF4B-00C04F79EFBC}") = "FactoryMethodPattern", "FactoryMethodPattern\FactoryMethodPattern.csproj", "{8B005C77-C795-4F48-A336-8CFB88B9CB1F}"
EndProject
Project("{2150E333-8FDC-42A3-9474-1A3956D46DE8}") = "4-抽象工厂模式", "4-抽象工厂模式", "{0E81CCA4-6ADE-44D7-9F1E-25A28FC2AE04}"
EndProject
Project("{FAE04EC0-301F-11D3-BF4B-00C04F79EFBC}") = "AbstractFactoryPattern", "AbstractFactoryPattern\AbstractFactoryPattern.csproj", "{4E5EA4BD-8770-4D87-B5B3-0BAFBA756BB2}"
EndProject
Project("{2150E333-8FDC-42A3-9474-1A3956D46DE8}") = "5-建造者模式", "5-建造者模式", "{0A84C59C-8B5F-4DC6-A38B-7B2B6B726744}"
EndProject
Project("{FAE04EC0-301F-11D3-BF4B-00C04F79EFBC}") = "BuilderPattern", "BuilderPattern\BuilderPattern.csproj", "{FD7F5DD9-F87C-4B88-9868-173BCB58CC5A}"
EndProject
Project("{2150E333-8FDC-42A3-9474-1A3956D46DE8}") = "6-原型模式", "6-原型模式", "{72751C52-8B02-4DC4-9FDD-CFFA0CFA07BC}"
EndProject
Project("{FAE04EC0-301F-11D3-BF4B-00C04F79EFBC}") = "PrototypePattern", "PrototypePattern\PrototypePattern.csproj", "{886D0765-895E-4B96-BB7E-A3478787512C}"
EndProject
Project("{2150E333-8FDC-42A3-9474-1A3956D46DE8}") = "7-适配器模式", "7-适配器模式", "{35C3E858-E0AF-4D1E-BE06-6921A7793240}"
EndProject
Project("{FAE04EC0-301F-11D3-BF4B-00C04F79EFBC}") = "AdapterPattern", "AdapterPattern\AdapterPattern.csproj", "{E2AADF4A-1C66-43DF-AFD6-69441A768B4C}"
EndProject
Project("{2150E333-8FDC-42A3-9474-1A3956D46DE8}") = "8-桥接模式", "8-桥接模式", "{8E07FB69-904C-4802-AB76-F790A92E579A}"
EndProject
Project("{FAE04EC0-301F-11D3-BF4B-00C04F79EFBC}") = "BridgePattern", "BridgePattern\BridgePattern.csproj", "{83DF759F-2F04-40CB-A07E-6254D79E61E8}"
EndProject
Project("{2150E333-8FDC-42A3-9474-1A3956D46DE8}") = "9-装饰者模式", "9-装饰者模式", "{C7D04EC8-7232-45A8-AC1C-B9F04244DDEF}"
EndProject
Project("{FAE04EC0-301F-11D3-BF4B-00C04F79EFBC}") = "DecoratorPattern", "DecoratorPattern\DecoratorPattern.csproj", "{8E059788-FBDB-42AB-8027-6CFF239D9E62}"
EndProject
Project("{2150E333-8FDC-42A3-9474-1A3956D46DE8}") = "10-组合模式", "10-组合模式", "{D5DB4986-A7C5-4CC1-8AC3-2EE5A77335BF}"
EndProject
Project("{FAE04EC0-301F-11D3-BF4B-00C04F79EFBC}") = "CompositePattern", "CompositePattern\CompositePattern.csproj", "{4522991D-9E48-4A47-A3CF-5F5A562D5B2C}"
EndProject
Project("{2150E333-8FDC-42A3-9474-1A3956D46DE8}") = "11-外观模式", "11-外观模式", "{FDF63F45-B612-420D-99C4-D30F00189C06}"
EndProject
Project("{FAE04EC0-301F-11D3-BF4B-00C04F79EFBC}") = "FacadePattern", "FacadePattern\FacadePattern.csproj", "{6E311D8B-E150-4C08-A2A5-CBDA9D7B5AFC}"
EndProject
Project("{2150E333-8FDC-42A3-9474-1A3956D46DE8}") = "12-享元模式", "12-享元模式", "{9D620C0D-6558-416D-8E36-8EE88BA0E894}"
EndProject
Project("{FAE04EC0-301F-11D3-BF4B-00C04F79EFBC}") = "FlyweightPattern", "FlyweightPattern\FlyweightPattern.csproj", "{D8D63BFE-CD2C-449C-915A-E01EC6FA3547}"
EndProject
Project("{2150E333-8FDC-42A3-9474-1A3956D46DE8}") = "13-代理模式", "13-代理模式", "{FB9A690C-2680-4CCD-97EB-1BEAA805D47C}"
EndProject
Project("{FAE04EC0-301F-11D3-BF4B-00C04F79EFBC}") = "ProxyPattern", "ProxyPattern\ProxyPattern.csproj", "{56E17882-C39C-436D-8128-B9BB47E61E61}"
EndProject
Project("{2150E333-8FDC-42A3-9474-1A3956D46DE8}") = "14-模板方法模式", "14-模板方法模式", "{E1756B14-D13A-48B0-835C-F57B0E4A70D7}"
EndProject
Project("{FAE04EC0-301F-11D3-BF4B-00C04F79EFBC}") = "TemplateMethod", "TemplateMethod\TemplateMethod.csproj", "{F34D01FB-6FB1-40A5-8B6A-9C5B45D2A136}"
EndProject
Project("{2150E333-8FDC-42A3-9474-1A3956D46DE8}") = "15-命令模式", "15-命令模式", "{7656B260-2510-46AD-A062-22EE58839ED6}"
EndProject
Project("{FAE04EC0-301F-11D3-BF4B-00C04F79EFBC}") = "CommandPattern", "CommandPattern\CommandPattern.csproj", "{964C9CE4-17B7-43C3-B65C-0F564F186918}"
EndProject
Project("{2150E333-8FDC-42A3-9474-1A3956D46DE8}") = "16-迭代器模式", "16-迭代器模式", "{3E8680DB-4647-4328-8518-A9A8648084E9}"
EndProject
Project("{FAE04EC0-301F-11D3-BF4B-00C04F79EFBC}") = "IteratorPattern", "IteratorPattern\IteratorPattern.csproj", "{765ECDD0-482C-4F95-9761-9F0B3454BC73}"
EndProject
Project("{2150E333-8FDC-42A3-9474-1A3956D46DE8}") = "17-观察者模式", "17-观察者模式", "{EE94D240-D2E5-464B-8B8C-EA20D463083F}"
EndProject
Project("{FAE04EC0-301F-11D3-BF4B-00C04F79EFBC}") = "ObserverPattern", "ObserverPattern\ObserverPattern.csproj", "{3537F6D7-2655-43D7-B669-E4F434E9BE5B}"
EndProject
Project("{2150E333-8FDC-42A3-9474-1A3956D46DE8}") = "18-中介者模式", "18-中介者模式", "{C388D191-E51D-46B5-90FC-7416C238C202}"
EndProject
Project("{FAE04EC0-301F-11D3-BF4B-00C04F79EFBC}") = "MediatorPattern", "MediatorPattern\MediatorPattern.csproj", "{7DC02C04-1376-4E8E-BE32-0F7FD73E6985}"
EndProject
Project("{2150E333-8FDC-42A3-9474-1A3956D46DE8}") = "19-状态者模式", "19-状态者模式", "{5B5B1229-D614-4066-B1C6-C5AA8870486E}"
EndProject
Project("{FAE04EC0-301F-11D3-BF4B-00C04F79EFBC}") = "StatePattern", "StatePattern\StatePattern.csproj", "{551A16DC-D6B3-408F-9A95-AFC7EC2A5DB3}"
EndProject
Project("{2150E333-8FDC-42A3-9474-1A3956D46DE8}") = "20-策略者模式", "20-策略者模式", "{721B4B22-50AC-4E67-A402-0121F127E802}"
EndProject
Project("{FAE04EC0-301F-11D3-BF4B-00C04F79EFBC}") = "StragetyPattern", "StragetyPattern\StragetyPattern.csproj", "{8B7D9F5D-D077-4083-B79E-D728368484F3}"
EndProject
Project("{2150E333-8FDC-42A3-9474-1A3956D46DE8}") = "21-责任链模式", "21-责任链模式", "{2BA708C6-9B1F-4A57-BEBB-19133FBFB4E7}"
EndProject
Project("{FAE04EC0-301F-11D3-BF4B-00C04F79EFBC}") = "ChainofResponsibilityPattern", "ChainofResponsibilityPattern\ChainofResponsibilityPattern.csproj", "{F8CEFDC9-3FDA-4D63-BC2B-26784E93C99D}"
EndProject
Project("{2150E333-8FDC-42A3-9474-1A3956D46DE8}") = "22-访问者模式", "22-访问者模式", "{DAACAF3C-746C-4CF7-B502-A43ADF38726D}"
EndProject
Project("{FAE04EC0-301F-11D3-BF4B-00C04F79EFBC}") = "VistorPattern", "VistorPattern\VistorPattern.csproj", "{EDE7D721-3C50-4065-AE8E-829E9BAB820E}"
EndProject
Project("{2150E333-8FDC-42A3-9474-1A3956D46DE8}") = "23-备忘录模式", "23-备忘录模式", "{EB30ACCD-FE59-45D6-AE68-8DB70A1FCF8D}"
EndProject
Project("{FAE04EC0-301F-11D3-BF4B-00C04F79EFBC}") = "MementoPattern", "MementoPattern\MementoPattern.csproj", "{A0FEC5ED-2A6A-45E4-897F-D3DB154DA27D}"
EndProject
Project("{2150E333-8FDC-42A3-9474-1A3956D46DE8}") = "解决方案项", "解决方案项", "{095559CF-AE3E-472D-9B89-D2A2CAC8ED8A}"
	ProjectSection(SolutionItems) = preProject
		SourceBlog.xml = SourceBlog.xml
	EndProjectSection
EndProject
Global
	GlobalSection(SolutionConfigurationPlatforms) = preSolution
		Debug|Any CPU = Debug|Any CPU
		Release|Any CPU = Release|Any CPU
	EndGlobalSection
	GlobalSection(ProjectConfigurationPlatforms) = postSolution
		{5D239E20-AF7F-4276-BF32-B87B4715A65F}.Debug|Any CPU.ActiveCfg = Debug|Any CPU
		{5D239E20-AF7F-4276-BF32-B87B4715A65F}.Debug|Any CPU.Build.0 = Debug|Any CPU
		{5D239E20-AF7F-4276-BF32-B87B4715A65F}.Release|Any CPU.ActiveCfg = Release|Any CPU
		{5D239E20-AF7F-4276-BF32-B87B4715A65F}.Release|Any CPU.Build.0 = Release|Any CPU
		{BBA7CCB9-2139-44B6-9BB0-3E4DBA4E58A6}.Debug|Any CPU.ActiveCfg = Debug|Any CPU
		{BBA7CCB9-2139-44B6-9BB0-3E4DBA4E58A6}.Debug|Any CPU.Build.0 = Debug|Any CPU
		{BBA7CCB9-2139-44B6-9BB0-3E4DBA4E58A6}.Release|Any CPU.ActiveCfg = Release|Any CPU
		{BBA7CCB9-2139-44B6-9BB0-3E4DBA4E58A6}.Release|Any CPU.Build.0 = Release|Any CPU
		{8B005C77-C795-4F48-A336-8CFB88B9CB1F}.Debug|Any CPU.ActiveCfg = Debug|Any CPU
		{8B005C77-C795-4F48-A336-8CFB88B9CB1F}.Debug|Any CPU.Build.0 = Debug|Any CPU
		{8B005C77-C795-4F48-A336-8CFB88B9CB1F}.Release|Any CPU.ActiveCfg = Release|Any CPU
		{8B005C77-C795-4F48-A336-8CFB88B9CB1F}.Release|Any CPU.Build.0 = Release|Any CPU
		{4E5EA4BD-8770-4D87-B5B3-0BAFBA756BB2}.Debug|Any CPU.ActiveCfg = Debug|Any CPU
		{4E5EA4BD-8770-4D87-B5B3-0BAFBA756BB2}.Debug|Any CPU.Build.0 = Debug|Any CPU
		{4E5EA4BD-8770-4D87-B5B3-0BAFBA756BB2}.Release|Any CPU.ActiveCfg = Release|Any CPU
		{4E5EA4BD-8770-4D87-B5B3-0BAFBA756BB2}.Release|Any CPU.Build.0 = Release|Any CPU
		{FD7F5DD9-F87C-4B88-9868-173BCB58CC5A}.Debug|Any CPU.ActiveCfg = Debug|Any CPU
		{FD7F5DD9-F87C-4B88-9868-173BCB58CC5A}.Debug|Any CPU.Build.0 = Debug|Any CPU
		{FD7F5DD9-F87C-4B88-9868-173BCB58CC5A}.Release|Any CPU.ActiveCfg = Release|Any CPU
		{FD7F5DD9-F87C-4B88-9868-173BCB58CC5A}.Release|Any CPU.Build.0 = Release|Any CPU
		{886D0765-895E-4B96-BB7E-A3478787512C}.Debug|Any CPU.ActiveCfg = Debug|Any CPU
		{886D0765-895E-4B96-BB7E-A3478787512C}.Debug|Any CPU.Build.0 = Debug|Any CPU
		{886D0765-895E-4B96-BB7E-A3478787512C}.Release|Any CPU.ActiveCfg = Release|Any CPU
		{886D0765-895E-4B96-BB7E-A3478787512C}.Release|Any CPU.Build.0 = Release|Any CPU
		{E2AADF4A-1C66-43DF-AFD6-69441A768B4C}.Debug|Any CPU.ActiveCfg = Debug|Any CPU
		{E2AADF4A-1C66-43DF-AFD6-69441A768B4C}.Debug|Any CPU.Build.0 = Debug|Any CPU
		{E2AADF4A-1C66-43DF-AFD6-69441A768B4C}.Release|Any CPU.ActiveCfg = Release|Any CPU
		{E2AADF4A-1C66-43DF-AFD6-69441A768B4C}.Release|Any CPU.Build.0 = Release|Any CPU
		{83DF759F-2F04-40CB-A07E-6254D79E61E8}.Debug|Any CPU.ActiveCfg = Debug|Any CPU
		{83DF759F-2F04-40CB-A07E-6254D79E61E8}.Debug|Any CPU.Build.0 = Debug|Any CPU
		{83DF759F-2F04-40CB-A07E-6254D79E61E8}.Release|Any CPU.ActiveCfg = Release|Any CPU
		{83DF759F-2F04-40CB-A07E-6254D79E61E8}.Release|Any CPU.Build.0 = Release|Any CPU
		{8E059788-FBDB-42AB-8027-6CFF239D9E62}.Debug|Any CPU.ActiveCfg = Debug|Any CPU
		{8E059788-FBDB-42AB-8027-6CFF239D9E62}.Debug|Any CPU.Build.0 = Debug|Any CPU
		{8E059788-FBDB-42AB-8027-6CFF239D9E62}.Release|Any CPU.ActiveCfg = Release|Any CPU
		{8E059788-FBDB-42AB-8027-6CFF239D9E62}.Release|Any CPU.Build.0 = Release|Any CPU
		{4522991D-9E48-4A47-A3CF-5F5A562D5B2C}.Debug|Any CPU.ActiveCfg = Debug|Any CPU
		{4522991D-9E48-4A47-A3CF-5F5A562D5B2C}.Debug|Any CPU.Build.0 = Debug|Any CPU
		{4522991D-9E48-4A47-A3CF-5F5A562D5B2C}.Release|Any CPU.ActiveCfg = Release|Any CPU
		{4522991D-9E48-4A47-A3CF-5F5A562D5B2C}.Release|Any CPU.Build.0 = Release|Any CPU
		{6E311D8B-E150-4C08-A2A5-CBDA9D7B5AFC}.Debug|Any CPU.ActiveCfg = Debug|Any CPU
		{6E311D8B-E150-4C08-A2A5-CBDA9D7B5AFC}.Debug|Any CPU.Build.0 = Debug|Any CPU
		{6E311D8B-E150-4C08-A2A5-CBDA9D7B5AFC}.Release|Any CPU.ActiveCfg = Release|Any CPU
		{6E311D8B-E150-4C08-A2A5-CBDA9D7B5AFC}.Release|Any CPU.Build.0 = Release|Any CPU
		{D8D63BFE-CD2C-449C-915A-E01EC6FA3547}.Debug|Any CPU.ActiveCfg = Debug|Any CPU
		{D8D63BFE-CD2C-449C-915A-E01EC6FA3547}.Debug|Any CPU.Build.0 = Debug|Any CPU
		{D8D63BFE-CD2C-449C-915A-E01EC6FA3547}.Release|Any CPU.ActiveCfg = Release|Any CPU
		{D8D63BFE-CD2C-449C-915A-E01EC6FA3547}.Release|Any CPU.Build.0 = Release|Any CPU
		{56E17882-C39C-436D-8128-B9BB47E61E61}.Debug|Any CPU.ActiveCfg = Debug|Any CPU
		{56E17882-C39C-436D-8128-B9BB47E61E61}.Debug|Any CPU.Build.0 = Debug|Any CPU
		{56E17882-C39C-436D-8128-B9BB47E61E61}.Release|Any CPU.ActiveCfg = Release|Any CPU
		{56E17882-C39C-436D-8128-B9BB47E61E61}.Release|Any CPU.Build.0 = Release|Any CPU
		{F34D01FB-6FB1-40A5-8B6A-9C5B45D2A136}.Debug|Any CPU.ActiveCfg = Debug|Any CPU
		{F34D01FB-6FB1-40A5-8B6A-9C5B45D2A136}.Debug|Any CPU.Build.0 = Debug|Any CPU
		{F34D01FB-6FB1-40A5-8B6A-9C5B45D2A136}.Release|Any CPU.ActiveCfg = Release|Any CPU
		{F34D01FB-6FB1-40A5-8B6A-9C5B45D2A136}.Release|Any CPU.Build.0 = Release|Any CPU
		{964C9CE4-17B7-43C3-B65C-0F564F186918}.Debug|Any CPU.ActiveCfg = Debug|Any CPU
		{964C9CE4-17B7-43C3-B65C-0F564F186918}.Debug|Any CPU.Build.0 = Debug|Any CPU
		{964C9CE4-17B7-43C3-B65C-0F564F186918}.Release|Any CPU.ActiveCfg = Release|Any CPU
		{964C9CE4-17B7-43C3-B65C-0F564F186918}.Release|Any CPU.Build.0 = Release|Any CPU
		{765ECDD0-482C-4F95-9761-9F0B3454BC73}.Debug|Any CPU.ActiveCfg = Debug|Any CPU
		{765ECDD0-482C-4F95-9761-9F0B3454BC73}.Debug|Any CPU.Build.0 = Debug|Any CPU
		{765ECDD0-482C-4F95-9761-9F0B3454BC73}.Release|Any CPU.ActiveCfg = Release|Any CPU
		{765ECDD0-482C-4F95-9761-9F0B3454BC73}.Release|Any CPU.Build.0 = Release|Any CPU
		{3537F6D7-2655-43D7-B669-E4F434E9BE5B}.Debug|Any CPU.ActiveCfg = Debug|Any CPU
		{3537F6D7-2655-43D7-B669-E4F434E9BE5B}.Debug|Any CPU.Build.0 = Debug|Any CPU
		{3537F6D7-2655-43D7-B669-E4F434E9BE5B}.Release|Any CPU.ActiveCfg = Release|Any CPU
		{3537F6D7-2655-43D7-B669-E4F434E9BE5B}.Release|Any CPU.Build.0 = Release|Any CPU
		{7DC02C04-1376-4E8E-BE32-0F7FD73E6985}.Debug|Any CPU.ActiveCfg = Debug|Any CPU
		{7DC02C04-1376-4E8E-BE32-0F7FD73E6985}.Debug|Any CPU.Build.0 = Debug|Any CPU
		{7DC02C04-1376-4E8E-BE32-0F7FD73E6985}.Release|Any CPU.ActiveCfg = Release|Any CPU
		{7DC02C04-1376-4E8E-BE32-0F7FD73E6985}.Release|Any CPU.Build.0 = Release|Any CPU
		{551A16DC-D6B3-408F-9A95-AFC7EC2A5DB3}.Debug|Any CPU.ActiveCfg = Debug|Any CPU
		{551A16DC-D6B3-408F-9A95-AFC7EC2A5DB3}.Debug|Any CPU.Build.0 = Debug|Any CPU
		{551A16DC-D6B3-408F-9A95-AFC7EC2A5DB3}.Release|Any CPU.ActiveCfg = Release|Any CPU
		{551A16DC-D6B3-408F-9A95-AFC7EC2A5DB3}.Release|Any CPU.Build.0 = Release|Any CPU
		{8B7D9F5D-D077-4083-B79E-D728368484F3}.Debug|Any CPU.ActiveCfg = Debug|Any CPU
		{8B7D9F5D-D077-4083-B79E-D728368484F3}.Debug|Any CPU.Build.0 = Debug|Any CPU
		{8B7D9F5D-D077-4083-B79E-D728368484F3}.Release|Any CPU.ActiveCfg = Release|Any CPU
		{8B7D9F5D-D077-4083-B79E-D728368484F3}.Release|Any CPU.Build.0 = Release|Any CPU
		{F8CEFDC9-3FDA-4D63-BC2B-26784E93C99D}.Debug|Any CPU.ActiveCfg = Debug|Any CPU
		{F8CEFDC9-3FDA-4D63-BC2B-26784E93C99D}.Debug|Any CPU.Build.0 = Debug|Any CPU
		{F8CEFDC9-3FDA-4D63-BC2B-26784E93C99D}.Release|Any CPU.ActiveCfg = Release|Any CPU
		{F8CEFDC9-3FDA-4D63-BC2B-26784E93C99D}.Release|Any CPU.Build.0 = Release|Any CPU
		{EDE7D721-3C50-4065-AE8E-829E9BAB820E}.Debug|Any CPU.ActiveCfg = Debug|Any CPU
		{EDE7D721-3C50-4065-AE8E-829E9BAB820E}.Debug|Any CPU.Build.0 = Debug|Any CPU
		{EDE7D721-3C50-4065-AE8E-829E9BAB820E}.Release|Any CPU.ActiveCfg = Release|Any CPU
		{EDE7D721-3C50-4065-AE8E-829E9BAB820E}.Release|Any CPU.Build.0 = Release|Any CPU
		{A0FEC5ED-2A6A-45E4-897F-D3DB154DA27D}.Debug|Any CPU.ActiveCfg = Debug|Any CPU
		{A0FEC5ED-2A6A-45E4-897F-D3DB154DA27D}.Debug|Any CPU.Build.0 = Debug|Any CPU
		{A0FEC5ED-2A6A-45E4-897F-D3DB154DA27D}.Release|Any CPU.ActiveCfg = Release|Any CPU
		{A0FEC5ED-2A6A-45E4-897F-D3DB154DA27D}.Release|Any CPU.Build.0 = Release|Any CPU
	EndGlobalSection
	GlobalSection(SolutionProperties) = preSolution
		HideSolutionNode = FALSE
	EndGlobalSection
	GlobalSection(NestedProjects) = preSolution
		{5D239E20-AF7F-4276-BF32-B87B4715A65F} = {C902E67B-ECB2-4955-91DB-2C575CB8D2F1}
		{BBA7CCB9-2139-44B6-9BB0-3E4DBA4E58A6} = {8F386FEA-B4DB-49DE-A0CC-B69DDA6096D4}
		{8B005C77-C795-4F48-A336-8CFB88B9CB1F} = {FA0ADB0B-77E2-4FFE-8E45-1200CD69DF88}
		{4E5EA4BD-8770-4D87-B5B3-0BAFBA756BB2} = {0E81CCA4-6ADE-44D7-9F1E-25A28FC2AE04}
		{FD7F5DD9-F87C-4B88-9868-173BCB58CC5A} = {0A84C59C-8B5F-4DC6-A38B-7B2B6B726744}
		{886D0765-895E-4B96-BB7E-A3478787512C} = {72751C52-8B02-4DC4-9FDD-CFFA0CFA07BC}
		{E2AADF4A-1C66-43DF-AFD6-69441A768B4C} = {35C3E858-E0AF-4D1E-BE06-6921A7793240}
		{83DF759F-2F04-40CB-A07E-6254D79E61E8} = {8E07FB69-904C-4802-AB76-F790A92E579A}
		{8E059788-FBDB-42AB-8027-6CFF239D9E62} = {C7D04EC8-7232-45A8-AC1C-B9F04244DDEF}
		{4522991D-9E48-4A47-A3CF-5F5A562D5B2C} = {D5DB4986-A7C5-4CC1-8AC3-2EE5A77335BF}
		{6E311D8B-E150-4C08-A2A5-CBDA9D7B5AFC} = {FDF63F45-B612-420D-99C4-D30F00189C06}
		{D8D63BFE-CD2C-449C-915A-E01EC6FA3547} = {9D620C0D-6558-416D-8E36-8EE88BA0E894}
		{56E17882-C39C-436D-8128-B9BB47E61E61} = {FB9A690C-2680-4CCD-97EB-1BEAA805D47C}
		{F34D01FB-6FB1-40A5-8B6A-9C5B45D2A136} = {E1756B14-D13A-48B0-835C-F57B0E4A70D7}
		{964C9CE4-17B7-43C3-B65C-0F564F186918} = {7656B260-2510-46AD-A062-22EE58839ED6}
		{765ECDD0-482C-4F95-9761-9F0B3454BC73} = {3E8680DB-4647-4328-8518-A9A8648084E9}
		{3537F6D7-2655-43D7-B669-E4F434E9BE5B} = {EE94D240-D2E5-464B-8B8C-EA20D463083F}
		{7DC02C04-1376-4E8E-BE32-0F7FD73E6985} = {C388D191-E51D-46B5-90FC-7416C238C202}
		{551A16DC-D6B3-408F-9A95-AFC7EC2A5DB3} = {5B5B1229-D614-4066-B1C6-C5AA8870486E}
		{8B7D9F5D-D077-4083-B79E-D728368484F3} = {721B4B22-50AC-4E67-A402-0121F127E802}
		{F8CEFDC9-3FDA-4D63-BC2B-26784E93C99D} = {2BA708C6-9B1F-4A57-BEBB-19133FBFB4E7}
		{EDE7D721-3C50-4065-AE8E-829E9BAB820E} = {DAACAF3C-746C-4CF7-B502-A43ADF38726D}
		{A0FEC5ED-2A6A-45E4-897F-D3DB154DA27D} = {EB30ACCD-FE59-45D6-AE68-8DB70A1FCF8D}
	EndGlobalSection
	GlobalSection(ExtensibilityGlobals) = postSolution
		SolutionGuid = {0123E33E-F02D-40B3-97B3-F78DF0783E40}
	EndGlobalSection
EndGlobal
